
Microsoft Visual Studio Solution File, Format Version 12.00
# Visual Studio 15
Project("{FAE04EC0-301F-11D3-BF4B-00C04F79EFBC}") = "Whack-A-Mole VR", "Assembly-CSharp.csproj", "{F7496178-423B-A0EF-8244-0E9F0D06AEF8}"
EndProject
Project("{FAE04EC0-301F-11D3-BF4B-00C04F79EFBC}") = "Whack-A-Mole VR", "Assembly-CSharp-Editor.csproj", "{B9E0589B-5B15-18DE-2627-FB942CF0BBE4}"
EndProject
Global
	GlobalSection(SolutionConfigurationPlatforms) = preSolution
		Debug|Any CPU = Debug|Any CPU
		Release|Any CPU = Release|Any CPU
	EndGlobalSection
	GlobalSection(ProjectConfigurationPlatforms) = postSolution
		{F7496178-423B-A0EF-8244-0E9F0D06AEF8}.Debug|Any CPU.ActiveCfg = Debug|Any CPU
		{F7496178-423B-A0EF-8244-0E9F0D06AEF8}.Debug|Any CPU.Build.0 = Debug|Any CPU
		{F7496178-423B-A0EF-8244-0E9F0D06AEF8}.Release|Any CPU.ActiveCfg = Release|Any CPU
		{F7496178-423B-A0EF-8244-0E9F0D06AEF8}.Release|Any CPU.Build.0 = Release|Any CPU
		{B9E0589B-5B15-18DE-2627-FB942CF0BBE4}.Debug|Any CPU.ActiveCfg = Debug|Any CPU
		{B9E0589B-5B15-18DE-2627-FB942CF0BBE4}.Debug|Any CPU.Build.0 = Debug|Any CPU
		{B9E0589B-5B15-18DE-2627-FB942CF0BBE4}.Release|Any CPU.ActiveCfg = Release|Any CPU
		{B9E0589B-5B15-18DE-2627-FB942CF0BBE4}.Release|Any CPU.Build.0 = Release|Any CPU
	EndGlobalSection
	GlobalSection(SolutionProperties) = preSolution
		HideSolutionNode = FALSE
	EndGlobalSection
EndGlobal
